// !$*UTF8*$!
{
	archiveVersion = 1;
	classes = {
	};
	objectVersion = 77;
	objects = {

/* Begin PBXContainerItemProxy section */
		005CA9E62DF088CA0096E31C /* PBXContainerItemProxy */ = {
			isa = PBXContainerItemProxy;
			containerPortal = 005CA9D02DF088C80096E31C /* Project object */;
			proxyType = 1;
			remoteGlobalIDString = 005CA9D72DF088C80096E31C;
			remoteInfo = "MVVM HW";
		};
		005CA9F02DF088CA0096E31C /* PBXContainerItemProxy */ = {
			isa = PBXContainerItemProxy;
			containerPortal = 005CA9D02DF088C80096E31C /* Project object */;
			proxyType = 1;
			remoteGlobalIDString = 005CA9D72DF088C80096E31C;
			remoteInfo = "MVVM HW";
		};
/* End PBXContainerItemProxy section */

/* Begin PBXFileReference section */
		005CA9D82DF088C80096E31C /* MVVM HW.app */ = {isa = PBXFileReference; explicitFileType = wrapper.application; includeInIndex = 0; path = "MVVM HW.app"; sourceTree = BUILT_PRODUCTS_DIR; };
		005CA9E52DF088CA0096E31C /* MVVM HWTests.xctest */ = {isa = PBXFileReference; explicitFileType = wrapper.cfbundle; includeInIndex = 0; path = "MVVM HWTests.xctest"; sourceTree = BUILT_PRODUCTS_DIR; };
		005CA9EF2DF088CA0096E31C /* MVVM HWUITests.xctest */ = {isa = PBXFileReference; explicitFileType = wrapper.cfbundle; includeInIndex = 0; path = "MVVM HWUITests.xctest"; sourceTree = BUILT_PRODUCTS_DIR; };
/* End PBXFileReference section */

/* Begin PBXFileSystemSynchronizedRootGroup section */
		005CA9DA2DF088C80096E31C /* MVVM HW */ = {
			isa = PBXFileSystemSynchronizedRootGroup;
			path = "MVVM HW";
			sourceTree = "<group>";
		};
		005CA9E82DF088CA0096E31C /* MVVM HWTests */ = {
			isa = PBXFileSystemSynchronizedRootGroup;
			path = "MVVM HWTests";
			sourceTree = "<group>";
		};
		005CA9F22DF088CA0096E31C /* MVVM HWUITests */ = {
			isa = PBXFileSystemSynchronizedRootGroup;
			path = "MVVM HWUITests";
			sourceTree = "<group>";
		};
/* End PBXFileSystemSynchronizedRootGroup section */

/* Begin PBXFrameworksBuildPhase section */
		005CA9D52DF088C80096E31C /* Frameworks */ = {
			isa = PBXFrameworksBuildPhase;
			buildActionMask = 2147483647;
			files = (
			);
			runOnlyForDeploymentPostprocessing = 0;
		};
		005CA9E22DF088CA0096E31C /* Frameworks */ = {
			isa = PBXFrameworksBuildPhase;
			buildActionMask = 2147483647;
			files = (
			);
			runOnlyForDeploymentPostprocessing = 0;
		};
		005CA9EC2DF088CA0096E31C /* Frameworks */ = {
			isa = PBXFrameworksBuildPhase;
			buildActionMask = 2147483647;
			files = (
			);
			runOnlyForDeploymentPostprocessing = 0;
		};
/* End PBXFrameworksBuildPhase section */

/* Begin PBXGroup section */
		005CA9CF2DF088C80096E31C = {
			isa = PBXGroup;
			children = (
				005CA9DA2DF088C80096E31C /* MVVM HW */,
				005CA9E82DF088CA0096E31C /* MVVM HWTests */,
				005CA9F22DF088CA0096E31C /* MVVM HWUITests */,
				005CA9D92DF088C80096E31C /* Products */,
			);
			sourceTree = "<group>";
		};
		005CA9D92DF088C80096E31C /* Products */ = {
			isa = PBXGroup;
			children = (
				005CA9D82DF088C80096E31C /* MVVM HW.app */,
				005CA9E52DF088CA0096E31C /* MVVM HWTests.xctest */,
				005CA9EF2DF088CA0096E31C /* MVVM HWUITests.xctest */,
			);
			name = Products;
			sourceTree = "<group>";
		};
/* End PBXGroup section */

/* Begin PBXNativeTarget section */
		005CA9D72DF088C80096E31C /* MVVM HW */ = {
			isa = PBXNativeTarget;
			buildConfigurationList = 005CA9F92DF088CA0096E31C /* Build configuration list for PBXNativeTarget "MVVM HW" */;
			buildPhases = (
				005CA9D42DF088C80096E31C /* Sources */,
				005CA9D52DF088C80096E31C /* Frameworks */,
				005CA9D62DF088C80096E31C /* Resources */,
			);
			buildRules = (
			);
			dependencies = (
			);
			fileSystemSynchronizedGroups = (
				005CA9DA2DF088C80096E31C /* MVVM HW */,
			);
			name = "MVVM HW";
			packageProductDependencies = (
			);
			productName = "MVVM HW";
			productReference = 005CA9D82DF088C80096E31C /* MVVM HW.app */;
			productType = "com.apple.product-type.application";
		};
		005CA9E42DF088CA0096E31C /* MVVM HWTests */ = {
			isa = PBXNativeTarget;
			buildConfigurationList = 005CA9FC2DF088CA0096E31C /* Build configuration list for PBXNativeTarget "MVVM HWTests" */;
			buildPhases = (
				005CA9E12DF088CA0096E31C /* Sources */,
				005CA9E22DF088CA0096E31C /* Frameworks */,
				005CA9E32DF088CA0096E31C /* Resources */,
			);
			buildRules = (
			);
			dependencies = (
				005CA9E72DF088CA0096E31C /* PBXTargetDependency */,
			);
			fileSystemSynchronizedGroups = (
				005CA9E82DF088CA0096E31C /* MVVM HWTests */,
			);
			name = "MVVM HWTests";
			packageProductDependencies = (
			);
			productName = "MVVM HWTests";
			productReference = 005CA9E52DF088CA0096E31C /* MVVM HWTests.xctest */;
			productType = "com.apple.product-type.bundle.unit-test";
		};
		005CA9EE2DF088CA0096E31C /* MVVM HWUITests */ = {
			isa = PBXNativeTarget;
			buildConfigurationList = 005CA9FF2DF088CA0096E31C /* Build configuration list for PBXNativeTarget "MVVM HWUITests" */;
			buildPhases = (
				005CA9EB2DF088CA0096E31C /* Sources */,
				005CA9EC2DF088CA0096E31C /* Frameworks */,
				005CA9ED2DF088CA0096E31C /* Resources */,
			);
			buildRules = (
			);
			dependencies = (
				005CA9F12DF088CA0096E31C /* PBXTargetDependency */,
			);
			fileSystemSynchronizedGroups = (
				005CA9F22DF088CA0096E31C /* MVVM HWUITests */,
			);
			name = "MVVM HWUITests";
			packageProductDependencies = (
			);
			productName = "MVVM HWUITests";
			productReference = 005CA9EF2DF088CA0096E31C /* MVVM HWUITests.xctest */;
			productType = "com.apple.product-type.bundle.ui-testing";
		};
/* End PBXNativeTarget section */

/* Begin PBXProject section */
		005CA9D02DF088C80096E31C /* Project object */ = {
			isa = PBXProject;
			attributes = {
				BuildIndependentTargetsInParallel = 1;
				LastSwiftUpdateCheck = 1640;
				LastUpgradeCheck = 1640;
				TargetAttributes = {
					005CA9D72DF088C80096E31C = {
						CreatedOnToolsVersion = 16.4;
					};
					005CA9E42DF088CA0096E31C = {
						CreatedOnToolsVersion = 16.4;
						TestTargetID = 005CA9D72DF088C80096E31C;
					};
					005CA9EE2DF088CA0096E31C = {
						CreatedOnToolsVersion = 16.4;
						TestTargetID = 005CA9D72DF088C80096E31C;
					};
				};
			};
			buildConfigurationList = 005CA9D32DF088C80096E31C /* Build configuration list for PBXProject "MVVM HW" */;
			developmentRegion = en;
			hasScannedForEncodings = 0;
			knownRegions = (
				en,
				Base,
			);
			mainGroup = 005CA9CF2DF088C80096E31C;
			minimizedProjectReferenceProxies = 1;
			preferredProjectObjectVersion = 77;
			productRefGroup = 005CA9D92DF088C80096E31C /* Products */;
			projectDirPath = "";
			projectRoot = "";
			targets = (
				005CA9D72DF088C80096E31C /* MVVM HW */,
				005CA9E42DF088CA0096E31C /* MVVM HWTests */,
				005CA9EE2DF088CA0096E31C /* MVVM HWUITests */,
			);
		};
/* End PBXProject section */

/* Begin PBXResourcesBuildPhase section */
		005CA9D62DF088C80096E31C /* Resources */ = {
			isa = PBXResourcesBuildPhase;
			buildActionMask = 2147483647;
			files = (
			);
			runOnlyForDeploymentPostprocessing = 0;
		};
		005CA9E32DF088CA0096E31C /* Resources */ = {
			isa = PBXResourcesBuildPhase;
			buildActionMask = 2147483647;
			files = (
			);
			runOnlyForDeploymentPostprocessing = 0;
		};
		005CA9ED2DF088CA0096E31C /* Resources */ = {
			isa = PBXResourcesBuildPhase;
			buildActionMask = 2147483647;
			files = (
			);
			runOnlyForDeploymentPostprocessing = 0;
		};
/* End PBXResourcesBuildPhase section */

/* Begin PBXSourcesBuildPhase section */
		005CA9D42DF088C80096E31C /* Sources */ = {
			isa = PBXSourcesBuildPhase;
			buildActionMask = 2147483647;
			files = (
			);
			runOnlyForDeploymentPostprocessing = 0;
		};
		005CA9E12DF088CA0096E31C /* Sources */ = {
			isa = PBXSourcesBuildPhase;
			buildActionMask = 2147483647;
			files = (
			);
			runOnlyForDeploymentPostprocessing = 0;
		};
		005CA9EB2DF088CA0096E31C /* Sources */ = {
			isa = PBXSourcesBuildPhase;
			buildActionMask = 2147483647;
			files = (
			);
			runOnlyForDeploymentPostprocessing = 0;
		};
/* End PBXSourcesBuildPhase section */

/* Begin PBXTargetDependency section */
		005CA9E72DF088CA0096E31C /* PBXTargetDependency */ = {
			isa = PBXTargetDependency;
			target = 005CA9D72DF088C80096E31C /* MVVM HW */;
			targetProxy = 005CA9E62DF088CA0096E31C /* PBXContainerItemProxy */;
		};
		005CA9F12DF088CA0096E31C /* PBXTargetDependency */ = {
			isa = PBXTargetDependency;
			target = 005CA9D72DF088C80096E31C /* MVVM HW */;
			targetProxy = 005CA9F02DF088CA0096E31C /* PBXContainerItemProxy */;
		};
/* End PBXTargetDependency section */

/* Begin XCBuildConfiguration section */
		005CA9F72DF088CA0096E31C /* Debug */ = {
			isa = XCBuildConfiguration;
			buildSettings = {
				ALWAYS_SEARCH_USER_PATHS = NO;
				ASSETCATALOG_COMPILER_GENERATE_SWIFT_ASSET_SYMBOL_EXTENSIONS = YES;
				CLANG_ANALYZER_NONNULL = YES;
				CLANG_ANALYZER_NUMBER_OBJECT_CONVERSION = YES_AGGRESSIVE;
				CLANG_CXX_LANGUAGE_STANDARD = "gnu++20";
				CLANG_ENABLE_MODULES = YES;
				CLANG_ENABLE_OBJC_ARC = YES;
				CLANG_ENABLE_OBJC_WEAK = YES;
				CLANG_WARN_BLOCK_CAPTURE_AUTORELEASING = YES;
				CLANG_WARN_BOOL_CONVERSION = YES;
				CLANG_WARN_COMMA = YES;
				CLANG_WARN_CONSTANT_CONVERSION = YES;
				CLANG_WARN_DEPRECATED_OBJC_IMPLEMENTATIONS = YES;
				CLANG_WARN_DIRECT_OBJC_ISA_USAGE = YES_ERROR;
				CLANG_WARN_DOCUMENTATION_COMMENTS = YES;
				CLANG_WARN_EMPTY_BODY = YES;
				CLANG_WARN_ENUM_CONVERSION = YES;
				CLANG_WARN_INFINITE_RECURSION = YES;
				CLANG_WARN_INT_CONVERSION = YES;
				CLANG_WARN_NON_LITERAL_NULL_CONVERSION = YES;
				CLANG_WARN_OBJC_IMPLICIT_RETAIN_SELF = YES;
				CLANG_WARN_OBJC_LITERAL_CONVERSION = YES;
				CLANG_WARN_OBJC_ROOT_CLASS = YES_ERROR;
				CLANG_WARN_QUOTED_INCLUDE_IN_FRAMEWORK_HEADER = YES;
				CLANG_WARN_RANGE_LOOP_ANALYSIS = YES;
				CLANG_WARN_STRICT_PROTOTYPES = YES;
				CLANG_WARN_SUSPICIOUS_MOVE = YES;
				CLANG_WARN_UNGUARDED_AVAILABILITY = YES_AGGRESSIVE;
				CLANG_WARN_UNREACHABLE_CODE = YES;
				CLANG_WARN__DUPLICATE_METHOD_MATCH = YES;
				COPY_PHASE_STRIP = NO;
				DEBUG_INFORMATION_FORMAT = dwarf;
				ENABLE_STRICT_OBJC_MSGSEND = YES;
				ENABLE_TESTABILITY = YES;
				ENABLE_USER_SCRIPT_SANDBOXING = YES;
				GCC_C_LANGUAGE_STANDARD = gnu17;
				GCC_DYNAMIC_NO_PIC = NO;
				GCC_NO_COMMON_BLOCKS = YES;
				GCC_OPTIMIZATION_LEVEL = 0;
				GCC_PREPROCESSOR_DEFINITIONS = (
					"DEBUG=1",
					"$(inherited)",
				);
				GCC_WARN_64_TO_32_BIT_CONVERSION = YES;
				GCC_WARN_ABOUT_RETURN_TYPE = YES_ERROR;
				GCC_WARN_UNDECLARED_SELECTOR = YES;
				GCC_WARN_UNINITIALIZED_AUTOS = YES_AGGRESSIVE;
				GCC_WARN_UNUSED_FUNCTION = YES;
				GCC_WARN_UNUSED_VARIABLE = YES;
				IPHONEOS_DEPLOYMENT_TARGET = 18.5;
				LOCALIZATION_PREFERS_STRING_CATALOGS = YES;
				MTL_ENABLE_DEBUG_INFO = INCLUDE_SOURCE;
				MTL_FAST_MATH = YES;
				ONLY_ACTIVE_ARCH = YES;
				SDKROOT = iphoneos;
				SWIFT_ACTIVE_COMPILATION_CONDITIONS = "DEBUG $(inherited)";
				SWIFT_OPTIMIZATION_LEVEL = "-Onone";
			};
			name = Debug;
		};
		005CA9F82DF088CA0096E31C /* Release */ = {
			isa = XCBuildConfiguration;
			buildSettings = {
				ALWAYS_SEARCH_USER_PATHS = NO;
				ASSETCATALOG_COMPILER_GENERATE_SWIFT_ASSET_SYMBOL_EXTENSIONS = YES;
				CLANG_ANALYZER_NONNULL = YES;
				CLANG_ANALYZER_NUMBER_OBJECT_CONVERSION = YES_AGGRESSIVE;
				CLANG_CXX_LANGUAGE_STANDARD = "gnu++20";
				CLANG_ENABLE_MODULES = YES;
				CLANG_ENABLE_OBJC_ARC = YES;
				CLANG_ENABLE_OBJC_WEAK = YES;
				CLANG_WARN_BLOCK_CAPTURE_AUTORELEASING = YES;
				CLANG_WARN_BOOL_CONVERSION = YES;
				CLANG_WARN_COMMA = YES;
				CLANG_WARN_CONSTANT_CONVERSION = YES;
				CLANG_WARN_DEPRECATED_OBJC_IMPLEMENTATIONS = YES;
				CLANG_WARN_DIRECT_OBJC_ISA_USAGE = YES_ERROR;
				CLANG_WARN_DOCUMENTATION_COMMENTS = YES;
				CLANG_WARN_EMPTY_BODY = YES;
				CLANG_WARN_ENUM_CONVERSION = YES;
				CLANG_WARN_INFINITE_RECURSION = YES;
				CLANG_WARN_INT_CONVERSION = YES;
				CLANG_WARN_NON_LITERAL_NULL_CONVERSION = YES;
				CLANG_WARN_OBJC_IMPLICIT_RETAIN_SELF = YES;
				CLANG_WARN_OBJC_LITERAL_CONVERSION = YES;
				CLANG_WARN_OBJC_ROOT_CLASS = YES_ERROR;
				CLANG_WARN_QUOTED_INCLUDE_IN_FRAMEWORK_HEADER = YES;
				CLANG_WARN_RANGE_LOOP_ANALYSIS = YES;
				CLANG_WARN_STRICT_PROTOTYPES = YES;
				CLANG_WARN_SUSPICIOUS_MOVE = YES;
				CLANG_WARN_UNGUARDED_AVAILABILITY = YES_AGGRESSIVE;
				CLANG_WARN_UNREACHABLE_CODE = YES;
				CLANG_WARN__DUPLICATE_METHOD_MATCH = YES;
				COPY_PHASE_STRIP = NO;
				DEBUG_INFORMATION_FORMAT = "dwarf-with-dsym";
				ENABLE_NS_ASSERTIONS = NO;
				ENABLE_STRICT_OBJC_MSGSEND = YES;
				ENABLE_USER_SCRIPT_SANDBOXING = YES;
				GCC_C_LANGUAGE_STANDARD = gnu17;
				GCC_NO_COMMON_BLOCKS = YES;
				GCC_WARN_64_TO_32_BIT_CONVERSION = YES;
				GCC_WARN_ABOUT_RETURN_TYPE = YES_ERROR;
				GCC_WARN_UNDECLARED_SELECTOR = YES;
				GCC_WARN_UNINITIALIZED_AUTOS = YES_AGGRESSIVE;
				GCC_WARN_UNUSED_FUNCTION = YES;
				GCC_WARN_UNUSED_VARIABLE = YES;
				IPHONEOS_DEPLOYMENT_TARGET = 18.5;
				LOCALIZATION_PREFERS_STRING_CATALOGS = YES;
				MTL_ENABLE_DEBUG_INFO = NO;
				MTL_FAST_MATH = YES;
				SDKROOT = iphoneos;
				SWIFT_COMPILATION_MODE = wholemodule;
				VALIDATE_PRODUCT = YES;
			};
			name = Release;
		};
		005CA9FA2DF088CA0096E31C /* Debug */ = {
			isa = XCBuildConfiguration;
			buildSettings = {
				ASSETCATALOG_COMPILER_APPICON_NAME = AppIcon;
				ASSETCATALOG_COMPILER_GLOBAL_ACCENT_COLOR_NAME = AccentColor;
				CODE_SIGN_STYLE = Automatic;
				CURRENT_PROJECT_VERSION = 1;
				ENABLE_PREVIEWS = YES;
				GENERATE_INFOPLIST_FILE = YES;
				INFOPLIST_KEY_UIApplicationSceneManifest_Generation = YES;
				INFOPLIST_KEY_UIApplicationSupportsIndirectInputEvents = YES;
				INFOPLIST_KEY_UILaunchScreen_Generation = YES;
				INFOPLIST_KEY_UISupportedInterfaceOrientations_iPad = "UIInterfaceOrientationPortrait UIInterfaceOrientationPortraitUpsideDown UIInterfaceOrientationLandscapeLeft UIInterfaceOrientationLandscapeRight";
				INFOPLIST_KEY_UISupportedInterfaceOrientations_iPhone = "UIInterfaceOrientationPortrait UIInterfaceOrientationLandscapeLeft UIInterfaceOrientationLandscapeRight";
				LD_RUNPATH_SEARCH_PATHS = (
					"$(inherited)",
					"@executable_path/Frameworks",
				);
				MARKETING_VERSION = 1.0;
				PRODUCT_BUNDLE_IDENTIFIER = "com.codewithalikhan.MVVM-HW";
				PRODUCT_NAME = "$(TARGET_NAME)";
				SWIFT_EMIT_LOC_STRINGS = YES;
				SWIFT_VERSION = 5.0;
				TARGETED_DEVICE_FAMILY = "1,2";
			};
			name = Debug;
		};
		005CA9FB2DF088CA0096E31C /* Release */ = {
			isa = XCBuildConfiguration;
			buildSettings = {
				ASSETCATALOG_COMPILER_APPICON_NAME = AppIcon;
				ASSETCATALOG_COMPILER_GLOBAL_ACCENT_COLOR_NAME = AccentColor;
				CODE_SIGN_STYLE = Automatic;
				CURRENT_PROJECT_VERSION = 1;
				ENABLE_PREVIEWS = YES;
				GENERATE_INFOPLIST_FILE = YES;
				INFOPLIST_KEY_UIApplicationSceneManifest_Generation = YES;
				INFOPLIST_KEY_UIApplicationSupportsIndirectInputEvents = YES;
				INFOPLIST_KEY_UILaunchScreen_Generation = YES;
				INFOPLIST_KEY_UISupportedInterfaceOrientations_iPad = "UIInterfaceOrientationPortrait UIInterfaceOrientationPortraitUpsideDown UIInterfaceOrientationLandscapeLeft UIInterfaceOrientationLandscapeRight";
				INFOPLIST_KEY_UISupportedInterfaceOrientations_iPhone = "UIInterfaceOrientationPortrait UIInterfaceOrientationLandscapeLeft UIInterfaceOrientationLandscapeRight";
				LD_RUNPATH_SEARCH_PATHS = (
					"$(inherited)",
					"@executable_path/Frameworks",
				);
				MARKETING_VERSION = 1.0;
				PRODUCT_BUNDLE_IDENTIFIER = "com.codewithalikhan.MVVM-HW";
				PRODUCT_NAME = "$(TARGET_NAME)";
				SWIFT_EMIT_LOC_STRINGS = YES;
				SWIFT_VERSION = 5.0;
				TARGETED_DEVICE_FAMILY = "1,2";
			};
			name = Release;
		};
		005CA9FD2DF088CA0096E31C /* Debug */ = {
			isa = XCBuildConfiguration;
			buildSettings = {
				BUNDLE_LOADER = "$(TEST_HOST)";
				CODE_SIGN_STYLE = Automatic;
				CURRENT_PROJECT_VERSION = 1;
				GENERATE_INFOPLIST_FILE = YES;
				IPHONEOS_DEPLOYMENT_TARGET = 18.5;
				MARKETING_VERSION = 1.0;
				PRODUCT_BUNDLE_IDENTIFIER = "com.codewithalikhan.MVVM-HWTests";
				PRODUCT_NAME = "$(TARGET_NAME)";
				SWIFT_EMIT_LOC_STRINGS = NO;
				SWIFT_VERSION = 5.0;
				TARGETED_DEVICE_FAMILY = "1,2";
				TEST_HOST = "$(BUILT_PRODUCTS_DIR)/MVVM HW.app/$(BUNDLE_EXECUTABLE_FOLDER_PATH)/MVVM HW";
			};
			name = Debug;
		};
		005CA9FE2DF088CA0096E31C /* Release */ = {
			isa = XCBuildConfiguration;
			buildSettings = {
				BUNDLE_LOADER = "$(TEST_HOST)";
				CODE_SIGN_STYLE = Automatic;
				CURRENT_PROJECT_VERSION = 1;
				GENERATE_INFOPLIST_FILE = YES;
				IPHONEOS_DEPLOYMENT_TARGET = 18.5;
				MARKETING_VERSION = 1.0;
				PRODUCT_BUNDLE_IDENTIFIER = "com.codewithalikhan.MVVM-HWTests";
				PRODUCT_NAME = "$(TARGET_NAME)";
				SWIFT_EMIT_LOC_STRINGS = NO;
				SWIFT_VERSION = 5.0;
				TARGETED_DEVICE_FAMILY = "1,2";
				TEST_HOST = "$(BUILT_PRODUCTS_DIR)/MVVM HW.app/$(BUNDLE_EXECUTABLE_FOLDER_PATH)/MVVM HW";
			};
			name = Release;
		};
		005CAA002DF088CA0096E31C /* Debug */ = {
			isa = XCBuildConfiguration;
			buildSettings = {
				CODE_SIGN_STYLE = Automatic;
				CURRENT_PROJECT_VERSION = 1;
				GENERATE_INFOPLIST_FILE = YES;
				MARKETING_VERSION = 1.0;
				PRODUCT_BUNDLE_IDENTIFIER = "com.codewithalikhan.MVVM-HWUITests";
				PRODUCT_NAME = "$(TARGET_NAME)";
				SWIFT_EMIT_LOC_STRINGS = NO;
				SWIFT_VERSION = 5.0;
				TARGETED_DEVICE_FAMILY = "1,2";
				TEST_TARGET_NAME = "MVVM HW";
			};
			name = Debug;
		};
		005CAA012DF088CA0096E31C /* Release */ = {
			isa = XCBuildConfiguration;
			buildSettings = {
				CODE_SIGN_STYLE = Automatic;
				CURRENT_PROJECT_VERSION = 1;
				GENERATE_INFOPLIST_FILE = YES;
				MARKETING_VERSION = 1.0;
				PRODUCT_BUNDLE_IDENTIFIER = "com.codewithalikhan.MVVM-HWUITests";
				PRODUCT_NAME = "$(TARGET_NAME)";
				SWIFT_EMIT_LOC_STRINGS = NO;
				SWIFT_VERSION = 5.0;
				TARGETED_DEVICE_FAMILY = "1,2";
				TEST_TARGET_NAME = "MVVM HW";
			};
			name = Release;
		};
/* End XCBuildConfiguration section */

/* Begin XCConfigurationList section */
		005CA9D32DF088C80096E31C /* Build configuration list for PBXProject "MVVM HW" */ = {
			isa = XCConfigurationList;
			buildConfigurations = (
				005CA9F72DF088CA0096E31C /* Debug */,
				005CA9F82DF088CA0096E31C /* Release */,
			);
			defaultConfigurationIsVisible = 0;
			defaultConfigurationName = Release;
		};
		005CA9F92DF088CA0096E31C /* Build configuration list for PBXNativeTarget "MVVM HW" */ = {
			isa = XCConfigurationList;
			buildConfigurations = (
				005CA9FA2DF088CA0096E31C /* Debug */,
				005CA9FB2DF088CA0096E31C /* Release */,
			);
			defaultConfigurationIsVisible = 0;
			defaultConfigurationName = Release;
		};
		005CA9FC2DF088CA0096E31C /* Build configuration list for PBXNativeTarget "MVVM HWTests" */ = {
			isa = XCConfigurationList;
			buildConfigurations = (
				005CA9FD2DF088CA0096E31C /* Debug */,
				005CA9FE2DF088CA0096E31C /* Release */,
			);
			defaultConfigurationIsVisible = 0;
			defaultConfigurationName = Release;
		};
		005CA9FF2DF088CA0096E31C /* Build configuration list for PBXNativeTarget "MVVM HWUITests" */ = {
			isa = XCConfigurationList;
			buildConfigurations = (
				005CAA002DF088CA0096E31C /* Debug */,
				005CAA012DF088CA0096E31C /* Release */,
			);
			defaultConfigurationIsVisible = 0;
			defaultConfigurationName = Release;
		};
/* End XCConfigurationList section */
	};
	rootObject = 005CA9D02DF088C80096E31C /* Project object */;
}
